
Microsoft Visual Studio Solution File, Format Version 12.00
# Visual Studio Version 17
VisualStudioVersion = 17.5.002.0
MinimumVisualStudioVersion = 10.0.40219.1
Project("{9A19103F-16F7-4668-BE54-9A1E7A4F7556}") = "ET", "ET.csproj", "{2C0CB9E9-4C87-4055-8E0C-35BD52A59CD9}"
EndProject
Global
	GlobalSection(SolutionConfigurationPlatforms) = preSolution
		Debug|Any CPU = Debug|Any CPU
		Release|Any CPU = Release|Any CPU
	EndGlobalSection
	GlobalSection(ProjectConfigurationPlatforms) = postSolution
		{2C0CB9E9-4C87-4055-8E0C-35BD52A59CD9}.Debug|Any CPU.ActiveCfg = Debug|Any CPU
		{2C0CB9E9-4C87-4055-8E0C-35BD52A59CD9}.Debug|Any CPU.Build.0 = Debug|Any CPU
		{2C0CB9E9-4C87-4055-8E0C-35BD52A59CD9}.Release|Any CPU.ActiveCfg = Release|Any CPU
		{2C0CB9E9-4C87-4055-8E0C-35BD52A59CD9}.Release|Any CPU.Build.0 = Release|Any CPU
	EndGlobalSection
	GlobalSection(SolutionProperties) = preSolution
		HideSolutionNode = FALSE
	EndGlobalSection
	GlobalSection(ExtensibilityGlobals) = postSolution
		SolutionGuid = {81AA2521-8F80-46EA-B373-50653E22D92C}
	EndGlobalSection
EndGlobal
